id: fec_dev_ra_encoder
category: '[Error Coding]'
label: Repeat-Accumulate Encoder Definition
flags: [show_id]

templates:
  imports: from gnuradio import fec_dev
  var_make: |-
    % if int(ndim)==0:
    self.${id} = ${id} = fec_dev.ra_encoder_make(${framebits, repetitions})\
    % elif int(ndim)==1:
    self.${id} = ${id} = list(map((lambda a:fec_dev.ra_encoder_make(${framebits, repetitions})),\
    range(0,${dim1})))
    % else:
    self.${id} = ${id} = list(map((lambda b:list(map((lambda a: \
    fec_dev.ra_encoder_make(${framebits, repetitions})),\
    range(0,${dim2})))), range(0,${dim1})))
    % endif

parameters:
- id: ndim
  label: Parallelism
  dtype: enum
  default: '0'
  options: ['0', '1', '2']
- id: dim1
  label: Dimension 1
  dtype: int
  default: '1'
  hide: ${ ('none' if (int(ndim) >= 1) else 'all') }
- id: dim2
  label: Dimension 2
  dtype: int
  default: '1'
  hide: ${ ('none' if (int(ndim) >= 2) else 'all') }
- id: framebits
  label: Frame Bits
  dtype: int
  default: '2048'
- id: repetitions
  label: Number of Repetitions
  dtype: int
  default: '3'
value: ${ fec_dev.ra_encoder.make(framebits, repetitions) }


#  'file_format' specifies the version of the GRC yml format used in the file
#  and should usually not be changed.
file_format: 1
